PODS:
  - apivideo_live_stream (0.0.1):
    - ApiVideoLiveStream (= 1.3.5)
    - Flutter
  - ApiVideoLiveStream (1.3.5):
    - HaishinKit (= 1.5.2)
  - Flutter (1.0.0)
  - flutter_vlc_player (3.0.3):
    - Flutter
    - MobileVLCKit (~> 3.5.1)
  - HaishinKit (1.5.2):
    - Logboard (~> 2.3.1)
  - Logboard (2.3.1)
  - MobileVLCKit (3.5.1)
  - native_device_orientation (0.0.1):
    - Flutter

DEPENDENCIES:
  - apivideo_live_stream (from `.symlinks/plugins/apivideo_live_stream/ios`)
  - Flutter (from `Flutter`)
  - flutter_vlc_player (from `.symlinks/plugins/flutter_vlc_player/ios`)
  - native_device_orientation (from `.symlinks/plugins/native_device_orientation/ios`)

SPEC REPOS:
  trunk:
    - ApiVideoLiveStream
    - HaishinKit
    - Logboard
    - MobileVLCKit

EXTERNAL SOURCES:
  apivideo_live_stream:
    :path: ".symlinks/plugins/apivideo_live_stream/ios"
  Flutter:
    :path: Flutter
  flutter_vlc_player:
    :path: ".symlinks/plugins/flutter_vlc_player/ios"
  native_device_orientation:
    :path: ".symlinks/plugins/native_device_orientation/ios"

SPEC CHECKSUMS:
  apivideo_live_stream: 0f091f1b5ef17d6de184c5dd4d0b3cac1241bc00
  ApiVideoLiveStream: 7e17b84f3b900d3d06ebdf96834ef0dccf68fd45
  Flutter: f04841e97a9d0b0a8025694d0796dd46242b2854
  flutter_vlc_player: e321a4dcfaa0b9018a644791231e3e24e73d2fc7
  HaishinKit: b42a0e86766957a1882c0f61f0ebf0111d581402
  Logboard: 3d98bb85de6a36b255ab637e8178eb5671c5c3a6
  MobileVLCKit: 144d5f565512d1147d63b0fa1379231b3fd66535
  native_device_orientation: 3b4cfc9565a7b879cc4fde282b3e27745e852d0d

PODFILE CHECKSUM: ef19549a9bc3046e7bb7d2fab4d021637c0c58a3

COCOAPODS: 1.12.0
